{
  "name": "qcobjects-no-contact",
  "version": "0.0.6",
  "lockfileVersion": 1,
  "requires": true,
  "dependencies": {
    "balanced-match": {
      "version": "1.0.2",
      "resolved": "https://registry.npmjs.org/balanced-match/-/balanced-match-1.0.2.tgz",
      "integrity": "sha512-3oSeUO0TMV67hN1AmbXsK4yaqU7tjiHlbxRDZOpH0KW9+CeX4bRAaX0Anxt0tx2MrpRpWwQaPwIlISEJhYU5Pw=="
    },
    "brace-expansion": {
      "version": "1.1.11",
      "resolved": "https://registry.npmjs.org/brace-expansion/-/brace-expansion-1.1.11.tgz",
      "integrity": "sha512-iCuPHDFgrHX7H2vEI/5xpz07zSHB00TpugqhmYtVmMO6518mCuRMoOYFldEBl0g187ufozdaHgWKcYFb61qGiA==",
      "requires": {
        "balanced-match": "^1.0.0",
        "concat-map": "0.0.1"
      }
    },
    "commander": {
      "version": "10.0.1",
      "resolved": "https://registry.npmjs.org/commander/-/commander-10.0.1.tgz",
      "integrity": "sha512-y4Mg2tXshplEbSGzx7amzPwKKOCGuoSRP/CjEdwwk0FOGlUbq6lKuoyDZTNZkmxHdJtp54hdfY/JUrdL7Xfdug==",
      "dev": true
    },
    "concat-map": {
      "version": "0.0.1",
      "resolved": "https://registry.npmjs.org/concat-map/-/concat-map-0.0.1.tgz",
      "integrity": "sha1-2Klr13/Wjfd5OnMDajug1UBdR3s="
    },
    "eslint-config-qcobjects": {
      "version": "0.0.11",
      "resolved": "https://registry.npmjs.org/eslint-config-qcobjects/-/eslint-config-qcobjects-0.0.11.tgz",
      "integrity": "sha512-7BwmPaHR/0W0s/B+iRslSSO19N+5v264M3g7vk84Sqm5AdZQCBSsy2xEim9+K/duhqO97JZLwAeTjVpEvYBi6Q==",
      "dev": true
    },
    "fs.realpath": {
      "version": "1.0.0",
      "resolved": "https://registry.npmjs.org/fs.realpath/-/fs.realpath-1.0.0.tgz",
      "integrity": "sha1-FQStJSMVjKpA20onh8sBQRmU6k8="
    },
    "glob": {
      "version": "7.1.7",
      "resolved": "https://registry.npmjs.org/glob/-/glob-7.1.7.tgz",
      "integrity": "sha512-OvD9ENzPLbegENnYP5UUfJIirTg4+XwMWGaQfQTY0JenxNvvIKP3U3/tAQSPIu/lHxXYSZmpXlUHeqAIdKzBLQ==",
      "requires": {
        "fs.realpath": "^1.0.0",
        "inflight": "^1.0.4",
        "inherits": "2",
        "minimatch": "^3.0.4",
        "once": "^1.3.0",
        "path-is-absolute": "^1.0.0"
      }
    },
    "inflight": {
      "version": "1.0.6",
      "resolved": "https://registry.npmjs.org/inflight/-/inflight-1.0.6.tgz",
      "integrity": "sha1-Sb1jMdfQLQwJvJEKEHW6gWW1bfk=",
      "requires": {
        "once": "^1.3.0",
        "wrappy": "1"
      }
    },
    "inherits": {
      "version": "2.0.4",
      "resolved": "https://registry.npmjs.org/inherits/-/inherits-2.0.4.tgz",
      "integrity": "sha512-k/vGaX4/Yla3WzyMCvTQOXYeIHvqOKtnqBduzTHpzpQZzAskKMhZ2K+EnBiSM9zGSoIFeMpXKxa4dYeZIQqewQ=="
    },
    "jasmine": {
      "version": "3.9.0",
      "resolved": "https://registry.npmjs.org/jasmine/-/jasmine-3.9.0.tgz",
      "integrity": "sha512-JgtzteG7xnqZZ51fg7N2/wiQmXon09szkALcRMTgCMX4u/m17gVJFjObnvw5FXkZOWuweHPaPRVB6DI2uN0wVA==",
      "requires": {
        "glob": "^7.1.6",
        "jasmine-core": "~3.9.0"
      }
    },
    "jasmine-core": {
      "version": "3.9.0",
      "resolved": "https://registry.npmjs.org/jasmine-core/-/jasmine-core-3.9.0.tgz",
      "integrity": "sha512-Tv3kVbPCGVrjsnHBZ38NsPU3sDOtNa0XmbG2baiyJqdb5/SPpDO6GVwJYtUryl6KB4q1Ssckwg612ES9Z0dreQ=="
    },
    "mime": {
      "version": "2.6.0",
      "resolved": "https://registry.npmjs.org/mime/-/mime-2.6.0.tgz",
      "integrity": "sha512-USPkMeET31rOMiarsBNIHZKLGgvKc/LrjofAnBlOttf5ajRvqiRA8QsenbcooctK6d6Ts6aqZXBA+XbkKthiQg==",
      "dev": true
    },
    "minimatch": {
      "version": "3.0.4",
      "resolved": "https://registry.npmjs.org/minimatch/-/minimatch-3.0.4.tgz",
      "integrity": "sha512-yJHVQEhyqPLUTgt9B83PXu6W3rx4MvvHvSUvToogpwoGDOUQ+yDrR0HRot+yOCdCO7u4hX3pWft6kWBBcqh0UA==",
      "requires": {
        "brace-expansion": "^1.1.7"
      }
    },
    "once": {
      "version": "1.4.0",
      "resolved": "https://registry.npmjs.org/once/-/once-1.4.0.tgz",
      "integrity": "sha1-WDsap3WWHUsROsF9nFC6753Xa9E=",
      "requires": {
        "wrappy": "1"
      }
    },
    "path-is-absolute": {
      "version": "1.0.1",
      "resolved": "https://registry.npmjs.org/path-is-absolute/-/path-is-absolute-1.0.1.tgz",
      "integrity": "sha1-F0uSaHNVNP+8es5r9TpanhtcX18="
    },
    "qcobjects": {
      "version": "2.3.63",
      "resolved": "https://registry.npmjs.org/qcobjects/-/qcobjects-2.3.63.tgz",
      "integrity": "sha512-CEkxC+WFIRfk7jm77+HjF8Np/XDlNyrMCZ67UrVcxXRIVzkIVToWyQCpmh25o2KTVI/vfOrMMF/izs13wMA1qQ==",
      "requires": {
        "qcobjects-sdk": "^2.4.60"
      },
      "dependencies": {
        "qcobjects-sdk": {
          "version": "2.4.60",
          "resolved": "https://registry.npmjs.org/qcobjects-sdk/-/qcobjects-sdk-2.4.60.tgz",
          "integrity": "sha512-WPrq2D+31zgrOxRliJ1aPT2WNdGIbShCzZk2zj+88TAUajMFg5XCfub9wxBGFxV99MvMKiwB3C/MNsZOZFMeJA=="
        }
      }
    },
    "qcobjects-cli": {
      "version": "2.4.55",
      "resolved": "https://registry.npmjs.org/qcobjects-cli/-/qcobjects-cli-2.4.55.tgz",
      "integrity": "sha512-EP9qcBcRZIhK4oydvP7yAIPDGGJ48s4x+54B/neaAcV+0GpQWuWhQJ+J3LHP8DdS1lNGWqVO4l1IuUEG/G/JYQ==",
      "dev": true,
      "requires": {
        "commander": "^10.0.1",
        "mime": "^2.4.7",
        "yaml": "^2.2.2"
      }
    },
    "qcobjects-handler-mockup": {
      "version": "0.0.17",
      "resolved": "https://registry.npmjs.org/qcobjects-handler-mockup/-/qcobjects-handler-mockup-0.0.17.tgz",
      "integrity": "sha512-63OezURP4+t9GI9pLXByUTDlfW50tI9T9doouGhnyNJiAoEXWo3vIP8jBvtSX9FzO9KmbwInICEtBIiDWhdt1g=="
    },
    "qcobjects-sdk": {
      "version": "2.3.30",
      "resolved": "https://registry.npmjs.org/qcobjects-sdk/-/qcobjects-sdk-2.3.30.tgz",
      "integrity": "sha512-YHzBJS7Syh9T70/h6A2XO9cX0MvWbarqVjKIGqtJPzDXc4O4AoK9OewgFE73mbPnF9urWVc7pIV0L9T51bYTQw==",
      "requires": {
        "jasmine": "^3.6.3"
      }
    },
    "wrappy": {
      "version": "1.0.2",
      "resolved": "https://registry.npmjs.org/wrappy/-/wrappy-1.0.2.tgz",
      "integrity": "sha1-tSQ9jz7BqjXxNkYFvA0QNuMKtp8="
    },
    "yaml": {
      "version": "2.2.2",
      "resolved": "https://registry.npmjs.org/yaml/-/yaml-2.2.2.tgz",
      "integrity": "sha512-CBKFWExMn46Foo4cldiChEzn7S7SRV+wqiluAb6xmueD/fGyRHIhX8m14vVGgeFWjN540nKCNVj6P21eQjgTuA==",
      "dev": true
    }
  }
}
